// !$*UTF8*$!
{
	archiveVersion = 1;
	classes = {
	};
	objectVersion = 56;
	objects = {

/* Begin PBXBuildFile section */
		025190442D5B78D0003B9A26 /* MapKit.framework in Frameworks */ = {isa = PBXBuildFile; fileRef = 025190432D5B78D0003B9A26 /* MapKit.framework */; };
		025190462D5B8118003B9A26 /* MapViewController.swift in Sources */ = {isa = PBXBuildFile; fileRef = 025190452D5B8118003B9A26 /* MapViewController.swift */; };
		025190482D5DC063003B9A26 /* WebViewController.swift in Sources */ = {isa = PBXBuildFile; fileRef = 025190472D5DC063003B9A26 /* WebViewController.swift */; };
		0251904A2D5DC0C7003B9A26 /* WebKit.framework in Frameworks */ = {isa = PBXBuildFile; fileRef = 025190492D5DC0C7003B9A26 /* WebKit.framework */; };
		025632E62D06BE4A00833E8C /* ConversionViewController.swift in Sources */ = {isa = PBXBuildFile; fileRef = 025632E52D06BE4A00833E8C /* ConversionViewController.swift */; };
		029EE48D2DB7811E00AD5ACF /* Localizable.strings in Resources */ = {isa = PBXBuildFile; fileRef = 029EE48C2DB7811E00AD5ACF /* Localizable.strings */; };
		02F121C62CF07E92002CEDE3 /* AppDelegate.swift in Sources */ = {isa = PBXBuildFile; fileRef = 02F121C52CF07E92002CEDE3 /* AppDelegate.swift */; };
		02F121C82CF07E92002CEDE3 /* SceneDelegate.swift in Sources */ = {isa = PBXBuildFile; fileRef = 02F121C72CF07E92002CEDE3 /* SceneDelegate.swift */; };
		02F121CD2CF07E92002CEDE3 /* Main.storyboard in Resources */ = {isa = PBXBuildFile; fileRef = 02F121CB2CF07E92002CEDE3 /* Main.storyboard */; };
		02F121CF2CF07E94002CEDE3 /* Assets.xcassets in Resources */ = {isa = PBXBuildFile; fileRef = 02F121CE2CF07E94002CEDE3 /* Assets.xcassets */; };
		02F121D22CF07E94002CEDE3 /* LaunchScreen.storyboard in Resources */ = {isa = PBXBuildFile; fileRef = 02F121D02CF07E94002CEDE3 /* LaunchScreen.storyboard */; };
		02F121DD2CF07E94002CEDE3 /* WorldTrotterTests.swift in Sources */ = {isa = PBXBuildFile; fileRef = 02F121DC2CF07E94002CEDE3 /* WorldTrotterTests.swift */; };
		02F121E72CF07E94002CEDE3 /* WorldTrotterUITests.swift in Sources */ = {isa = PBXBuildFile; fileRef = 02F121E62CF07E94002CEDE3 /* WorldTrotterUITests.swift */; };
		02F121E92CF07E94002CEDE3 /* WorldTrotterUITestsLaunchTests.swift in Sources */ = {isa = PBXBuildFile; fileRef = 02F121E82CF07E94002CEDE3 /* WorldTrotterUITestsLaunchTests.swift */; };
/* End PBXBuildFile section */

/* Begin PBXContainerItemProxy section */
		02F121D92CF07E94002CEDE3 /* PBXContainerItemProxy */ = {
			isa = PBXContainerItemProxy;
			containerPortal = 02F121BA2CF07E92002CEDE3 /* Project object */;
			proxyType = 1;
			remoteGlobalIDString = 02F121C12CF07E92002CEDE3;
			remoteInfo = WorldTrotter;
		};
		02F121E32CF07E94002CEDE3 /* PBXContainerItemProxy */ = {
			isa = PBXContainerItemProxy;
			containerPortal = 02F121BA2CF07E92002CEDE3 /* Project object */;
			proxyType = 1;
			remoteGlobalIDString = 02F121C12CF07E92002CEDE3;
			remoteInfo = WorldTrotter;
		};
/* End PBXContainerItemProxy section */

/* Begin PBXFileReference section */
		025190432D5B78D0003B9A26 /* MapKit.framework */ = {isa = PBXFileReference; lastKnownFileType = wrapper.framework; name = MapKit.framework; path = System/Library/Frameworks/MapKit.framework; sourceTree = SDKROOT; };
		025190452D5B8118003B9A26 /* MapViewController.swift */ = {isa = PBXFileReference; lastKnownFileType = sourcecode.swift; path = MapViewController.swift; sourceTree = "<group>"; };
		025190472D5DC063003B9A26 /* WebViewController.swift */ = {isa = PBXFileReference; lastKnownFileType = sourcecode.swift; path = WebViewController.swift; sourceTree = "<group>"; };
		025190492D5DC0C7003B9A26 /* WebKit.framework */ = {isa = PBXFileReference; lastKnownFileType = wrapper.framework; name = WebKit.framework; path = System/Library/Frameworks/WebKit.framework; sourceTree = SDKROOT; };
		025632E52D06BE4A00833E8C /* ConversionViewController.swift */ = {isa = PBXFileReference; lastKnownFileType = sourcecode.swift; path = ConversionViewController.swift; sourceTree = "<group>"; };
		0295B4862DB7717300525241 /* en */ = {isa = PBXFileReference; lastKnownFileType = text.plist.strings; name = en; path = en.lproj/Main.strings; sourceTree = "<group>"; };
		0295B4872DB771DB00525241 /* es */ = {isa = PBXFileReference; lastKnownFileType = text.plist.strings; name = es; path = es.lproj/Main.strings; sourceTree = "<group>"; };
		029EE48B2DB7811E00AD5ACF /* en */ = {isa = PBXFileReference; lastKnownFileType = text.plist.strings; name = en; path = en.lproj/Localizable.strings; sourceTree = "<group>"; };
		029EE48E2DB7812000AD5ACF /* es */ = {isa = PBXFileReference; lastKnownFileType = text.plist.strings; name = es; path = es.lproj/Localizable.strings; sourceTree = "<group>"; };
		029EE48F2DB781D800AD5ACF /* zh-Hans */ = {isa = PBXFileReference; lastKnownFileType = text.plist.strings; name = "zh-Hans"; path = "zh-Hans.lproj/Main.strings"; sourceTree = "<group>"; };
		029EE4902DB7824E00AD5ACF /* zh-Hans */ = {isa = PBXFileReference; lastKnownFileType = text.plist.strings; name = "zh-Hans"; path = "zh-Hans.lproj/Localizable.strings"; sourceTree = "<group>"; };
		02F121C22CF07E92002CEDE3 /* WorldTrotter.app */ = {isa = PBXFileReference; explicitFileType = wrapper.application; includeInIndex = 0; path = WorldTrotter.app; sourceTree = BUILT_PRODUCTS_DIR; };
		02F121C52CF07E92002CEDE3 /* AppDelegate.swift */ = {isa = PBXFileReference; lastKnownFileType = sourcecode.swift; path = AppDelegate.swift; sourceTree = "<group>"; };
		02F121C72CF07E92002CEDE3 /* SceneDelegate.swift */ = {isa = PBXFileReference; lastKnownFileType = sourcecode.swift; path = SceneDelegate.swift; sourceTree = "<group>"; };
		02F121CC2CF07E92002CEDE3 /* Base */ = {isa = PBXFileReference; lastKnownFileType = file.storyboard; name = Base; path = Base.lproj/Main.storyboard; sourceTree = "<group>"; };
		02F121CE2CF07E94002CEDE3 /* Assets.xcassets */ = {isa = PBXFileReference; lastKnownFileType = folder.assetcatalog; path = Assets.xcassets; sourceTree = "<group>"; };
		02F121D12CF07E94002CEDE3 /* Base */ = {isa = PBXFileReference; lastKnownFileType = file.storyboard; name = Base; path = Base.lproj/LaunchScreen.storyboard; sourceTree = "<group>"; };
		02F121D32CF07E94002CEDE3 /* Info.plist */ = {isa = PBXFileReference; lastKnownFileType = text.plist.xml; path = Info.plist; sourceTree = "<group>"; };
		02F121D82CF07E94002CEDE3 /* WorldTrotterTests.xctest */ = {isa = PBXFileReference; explicitFileType = wrapper.cfbundle; includeInIndex = 0; path = WorldTrotterTests.xctest; sourceTree = BUILT_PRODUCTS_DIR; };
		02F121DC2CF07E94002CEDE3 /* WorldTrotterTests.swift */ = {isa = PBXFileReference; lastKnownFileType = sourcecode.swift; path = WorldTrotterTests.swift; sourceTree = "<group>"; };
		02F121E22CF07E94002CEDE3 /* WorldTrotterUITests.xctest */ = {isa = PBXFileReference; explicitFileType = wrapper.cfbundle; includeInIndex = 0; path = WorldTrotterUITests.xctest; sourceTree = BUILT_PRODUCTS_DIR; };
		02F121E62CF07E94002CEDE3 /* WorldTrotterUITests.swift */ = {isa = PBXFileReference; lastKnownFileType = sourcecode.swift; path = WorldTrotterUITests.swift; sourceTree = "<group>"; };
		02F121E82CF07E94002CEDE3 /* WorldTrotterUITestsLaunchTests.swift */ = {isa = PBXFileReference; lastKnownFileType = sourcecode.swift; path = WorldTrotterUITestsLaunchTests.swift; sourceTree = "<group>"; };
/* End PBXFileReference section */

/* Begin PBXFrameworksBuildPhase section */
		02F121BF2CF07E92002CEDE3 /* Frameworks */ = {
			isa = PBXFrameworksBuildPhase;
			buildActionMask = 2147483647;
			files = (
				0251904A2D5DC0C7003B9A26 /* WebKit.framework in Frameworks */,
				025190442D5B78D0003B9A26 /* MapKit.framework in Frameworks */,
			);
			runOnlyForDeploymentPostprocessing = 0;
		};
		02F121D52CF07E94002CEDE3 /* Frameworks */ = {
			isa = PBXFrameworksBuildPhase;
			buildActionMask = 2147483647;
			files = (
			);
			runOnlyForDeploymentPostprocessing = 0;
		};
		02F121DF2CF07E94002CEDE3 /* Frameworks */ = {
			isa = PBXFrameworksBuildPhase;
			buildActionMask = 2147483647;
			files = (
			);
			runOnlyForDeploymentPostprocessing = 0;
		};
/* End PBXFrameworksBuildPhase section */

/* Begin PBXGroup section */
		025190422D5B78D0003B9A26 /* Frameworks */ = {
			isa = PBXGroup;
			children = (
				025190492D5DC0C7003B9A26 /* WebKit.framework */,
				025190432D5B78D0003B9A26 /* MapKit.framework */,
			);
			name = Frameworks;
			sourceTree = "<group>";
		};
		02F121B92CF07E92002CEDE3 = {
			isa = PBXGroup;
			children = (
				02F121C42CF07E92002CEDE3 /* WorldTrotter */,
				02F121DB2CF07E94002CEDE3 /* WorldTrotterTests */,
				02F121E52CF07E94002CEDE3 /* WorldTrotterUITests */,
				02F121C32CF07E92002CEDE3 /* Products */,
				025190422D5B78D0003B9A26 /* Frameworks */,
			);
			sourceTree = "<group>";
		};
		02F121C32CF07E92002CEDE3 /* Products */ = {
			isa = PBXGroup;
			children = (
				02F121C22CF07E92002CEDE3 /* WorldTrotter.app */,
				02F121D82CF07E94002CEDE3 /* WorldTrotterTests.xctest */,
				02F121E22CF07E94002CEDE3 /* WorldTrotterUITests.xctest */,
			);
			name = Products;
			sourceTree = "<group>";
		};
		02F121C42CF07E92002CEDE3 /* WorldTrotter */ = {
			isa = PBXGroup;
			children = (
				02F121C52CF07E92002CEDE3 /* AppDelegate.swift */,
				02F121C72CF07E92002CEDE3 /* SceneDelegate.swift */,
				025632E52D06BE4A00833E8C /* ConversionViewController.swift */,
				02F121CB2CF07E92002CEDE3 /* Main.storyboard */,
				025190452D5B8118003B9A26 /* MapViewController.swift */,
				029EE48C2DB7811E00AD5ACF /* Localizable.strings */,
				025190472D5DC063003B9A26 /* WebViewController.swift */,
				02F121CE2CF07E94002CEDE3 /* Assets.xcassets */,
				02F121D02CF07E94002CEDE3 /* LaunchScreen.storyboard */,
				02F121D32CF07E94002CEDE3 /* Info.plist */,
			);
			path = WorldTrotter;
			sourceTree = "<group>";
		};
		02F121DB2CF07E94002CEDE3 /* WorldTrotterTests */ = {
			isa = PBXGroup;
			children = (
				02F121DC2CF07E94002CEDE3 /* WorldTrotterTests.swift */,
			);
			path = WorldTrotterTests;
			sourceTree = "<group>";
		};
		02F121E52CF07E94002CEDE3 /* WorldTrotterUITests */ = {
			isa = PBXGroup;
			children = (
				02F121E62CF07E94002CEDE3 /* WorldTrotterUITests.swift */,
				02F121E82CF07E94002CEDE3 /* WorldTrotterUITestsLaunchTests.swift */,
			);
			path = WorldTrotterUITests;
			sourceTree = "<group>";
		};
/* End PBXGroup section */

/* Begin PBXNativeTarget section */
		02F121C12CF07E92002CEDE3 /* WorldTrotter */ = {
			isa = PBXNativeTarget;
			buildConfigurationList = 02F121EC2CF07E94002CEDE3 /* Build configuration list for PBXNativeTarget "WorldTrotter" */;
			buildPhases = (
				02F121BE2CF07E92002CEDE3 /* Sources */,
				02F121BF2CF07E92002CEDE3 /* Frameworks */,
				02F121C02CF07E92002CEDE3 /* Resources */,
			);
			buildRules = (
			);
			dependencies = (
			);
			name = WorldTrotter;
			productName = WorldTrotter;
			productReference = 02F121C22CF07E92002CEDE3 /* WorldTrotter.app */;
			productType = "com.apple.product-type.application";
		};
		02F121D72CF07E94002CEDE3 /* WorldTrotterTests */ = {
			isa = PBXNativeTarget;
			buildConfigurationList = 02F121EF2CF07E94002CEDE3 /* Build configuration list for PBXNativeTarget "WorldTrotterTests" */;
			buildPhases = (
				02F121D42CF07E94002CEDE3 /* Sources */,
				02F121D52CF07E94002CEDE3 /* Frameworks */,
				02F121D62CF07E94002CEDE3 /* Resources */,
			);
			buildRules = (
			);
			dependencies = (
				02F121DA2CF07E94002CEDE3 /* PBXTargetDependency */,
			);
			name = WorldTrotterTests;
			productName = WorldTrotterTests;
			productReference = 02F121D82CF07E94002CEDE3 /* WorldTrotterTests.xctest */;
			productType = "com.apple.product-type.bundle.unit-test";
		};
		02F121E12CF07E94002CEDE3 /* WorldTrotterUITests */ = {
			isa = PBXNativeTarget;
			buildConfigurationList = 02F121F22CF07E94002CEDE3 /* Build configuration list for PBXNativeTarget "WorldTrotterUITests" */;
			buildPhases = (
				02F121DE2CF07E94002CEDE3 /* Sources */,
				02F121DF2CF07E94002CEDE3 /* Frameworks */,
				02F121E02CF07E94002CEDE3 /* Resources */,
			);
			buildRules = (
			);
			dependencies = (
				02F121E42CF07E94002CEDE3 /* PBXTargetDependency */,
			);
			name = WorldTrotterUITests;
			productName = WorldTrotterUITests;
			productReference = 02F121E22CF07E94002CEDE3 /* WorldTrotterUITests.xctest */;
			productType = "com.apple.product-type.bundle.ui-testing";
		};
/* End PBXNativeTarget section */

/* Begin PBXProject section */
		02F121BA2CF07E92002CEDE3 /* Project object */ = {
			isa = PBXProject;
			attributes = {
				BuildIndependentTargetsInParallel = 1;
				LastSwiftUpdateCheck = 1520;
				LastUpgradeCheck = 1520;
				TargetAttributes = {
					02F121C12CF07E92002CEDE3 = {
						CreatedOnToolsVersion = 15.2;
					};
					02F121D72CF07E94002CEDE3 = {
						CreatedOnToolsVersion = 15.2;
						TestTargetID = 02F121C12CF07E92002CEDE3;
					};
					02F121E12CF07E94002CEDE3 = {
						CreatedOnToolsVersion = 15.2;
						TestTargetID = 02F121C12CF07E92002CEDE3;
					};
				};
			};
			buildConfigurationList = 02F121BD2CF07E92002CEDE3 /* Build configuration list for PBXProject "WorldTrotter" */;
			compatibilityVersion = "Xcode 14.0";
			developmentRegion = en;
			hasScannedForEncodings = 0;
			knownRegions = (
				en,
				Base,
				es,
				"zh-Hans",
			);
			mainGroup = 02F121B92CF07E92002CEDE3;
			productRefGroup = 02F121C32CF07E92002CEDE3 /* Products */;
			projectDirPath = "";
			projectRoot = "";
			targets = (
				02F121C12CF07E92002CEDE3 /* WorldTrotter */,
				02F121D72CF07E94002CEDE3 /* WorldTrotterTests */,
				02F121E12CF07E94002CEDE3 /* WorldTrotterUITests */,
			);
		};
/* End PBXProject section */

/* Begin PBXResourcesBuildPhase section */
		02F121C02CF07E92002CEDE3 /* Resources */ = {
			isa = PBXResourcesBuildPhase;
			buildActionMask = 2147483647;
			files = (
				02F121D22CF07E94002CEDE3 /* LaunchScreen.storyboard in Resources */,
				029EE48D2DB7811E00AD5ACF /* Localizable.strings in Resources */,
				02F121CF2CF07E94002CEDE3 /* Assets.xcassets in Resources */,
				02F121CD2CF07E92002CEDE3 /* Main.storyboard in Resources */,
			);
			runOnlyForDeploymentPostprocessing = 0;
		};
		02F121D62CF07E94002CEDE3 /* Resources */ = {
			isa = PBXResourcesBuildPhase;
			buildActionMask = 2147483647;
			files = (
			);
			runOnlyForDeploymentPostprocessing = 0;
		};
		02F121E02CF07E94002CEDE3 /* Resources */ = {
			isa = PBXResourcesBuildPhase;
			buildActionMask = 2147483647;
			files = (
			);
			runOnlyForDeploymentPostprocessing = 0;
		};
/* End PBXResourcesBuildPhase section */

/* Begin PBXSourcesBuildPhase section */
		02F121BE2CF07E92002CEDE3 /* Sources */ = {
			isa = PBXSourcesBuildPhase;
			buildActionMask = 2147483647;
			files = (
				02F121C62CF07E92002CEDE3 /* AppDelegate.swift in Sources */,
				025632E62D06BE4A00833E8C /* ConversionViewController.swift in Sources */,
				02F121C82CF07E92002CEDE3 /* SceneDelegate.swift in Sources */,
				025190482D5DC063003B9A26 /* WebViewController.swift in Sources */,
				025190462D5B8118003B9A26 /* MapViewController.swift in Sources */,
			);
			runOnlyForDeploymentPostprocessing = 0;
		};
		02F121D42CF07E94002CEDE3 /* Sources */ = {
			isa = PBXSourcesBuildPhase;
			buildActionMask = 2147483647;
			files = (
				02F121DD2CF07E94002CEDE3 /* WorldTrotterTests.swift in Sources */,
			);
			runOnlyForDeploymentPostprocessing = 0;
		};
		02F121DE2CF07E94002CEDE3 /* Sources */ = {
			isa = PBXSourcesBuildPhase;
			buildActionMask = 2147483647;
			files = (
				02F121E92CF07E94002CEDE3 /* WorldTrotterUITestsLaunchTests.swift in Sources */,
				02F121E72CF07E94002CEDE3 /* WorldTrotterUITests.swift in Sources */,
			);
			runOnlyForDeploymentPostprocessing = 0;
		};
/* End PBXSourcesBuildPhase section */

/* Begin PBXTargetDependency section */
		02F121DA2CF07E94002CEDE3 /* PBXTargetDependency */ = {
			isa = PBXTargetDependency;
			target = 02F121C12CF07E92002CEDE3 /* WorldTrotter */;
			targetProxy = 02F121D92CF07E94002CEDE3 /* PBXContainerItemProxy */;
		};
		02F121E42CF07E94002CEDE3 /* PBXTargetDependency */ = {
			isa = PBXTargetDependency;
			target = 02F121C12CF07E92002CEDE3 /* WorldTrotter */;
			targetProxy = 02F121E32CF07E94002CEDE3 /* PBXContainerItemProxy */;
		};
/* End PBXTargetDependency section */

/* Begin PBXVariantGroup section */
		029EE48C2DB7811E00AD5ACF /* Localizable.strings */ = {
			isa = PBXVariantGroup;
			children = (
				029EE48B2DB7811E00AD5ACF /* en */,
				029EE48E2DB7812000AD5ACF /* es */,
				029EE4902DB7824E00AD5ACF /* zh-Hans */,
			);
			name = Localizable.strings;
			sourceTree = "<group>";
		};
		02F121CB2CF07E92002CEDE3 /* Main.storyboard */ = {
			isa = PBXVariantGroup;
			children = (
				02F121CC2CF07E92002CEDE3 /* Base */,
				0295B4862DB7717300525241 /* en */,
				0295B4872DB771DB00525241 /* es */,
				029EE48F2DB781D800AD5ACF /* zh-Hans */,
			);
			name = Main.storyboard;
			sourceTree = "<group>";
		};
		02F121D02CF07E94002CEDE3 /* LaunchScreen.storyboard */ = {
			isa = PBXVariantGroup;
			children = (
				02F121D12CF07E94002CEDE3 /* Base */,
			);
			name = LaunchScreen.storyboard;
			sourceTree = "<group>";
		};
/* End PBXVariantGroup section */

/* Begin XCBuildConfiguration section */
		02F121EA2CF07E94002CEDE3 /* Debug */ = {
			isa = XCBuildConfiguration;
			buildSettings = {
				ALWAYS_SEARCH_USER_PATHS = NO;
				ASSETCATALOG_COMPILER_GENERATE_SWIFT_ASSET_SYMBOL_EXTENSIONS = YES;
				CLANG_ANALYZER_LOCALIZABILITY_NONLOCALIZED = YES;
				CLANG_ANALYZER_NONNULL = YES;
				CLANG_ANALYZER_NUMBER_OBJECT_CONVERSION = YES_AGGRESSIVE;
				CLANG_CXX_LANGUAGE_STANDARD = "gnu++20";
				CLANG_ENABLE_MODULES = YES;
				CLANG_ENABLE_OBJC_ARC = YES;
				CLANG_ENABLE_OBJC_WEAK = YES;
				CLANG_WARN_BLOCK_CAPTURE_AUTORELEASING = YES;
				CLANG_WARN_BOOL_CONVERSION = YES;
				CLANG_WARN_COMMA = YES;
				CLANG_WARN_CONSTANT_CONVERSION = YES;
				CLANG_WARN_DEPRECATED_OBJC_IMPLEMENTATIONS = YES;
				CLANG_WARN_DIRECT_OBJC_ISA_USAGE = YES_ERROR;
				CLANG_WARN_DOCUMENTATION_COMMENTS = YES;
				CLANG_WARN_EMPTY_BODY = YES;
				CLANG_WARN_ENUM_CONVERSION = YES;
				CLANG_WARN_INFINITE_RECURSION = YES;
				CLANG_WARN_INT_CONVERSION = YES;
				CLANG_WARN_NON_LITERAL_NULL_CONVERSION = YES;
				CLANG_WARN_OBJC_IMPLICIT_RETAIN_SELF = YES;
				CLANG_WARN_OBJC_LITERAL_CONVERSION = YES;
				CLANG_WARN_OBJC_ROOT_CLASS = YES_ERROR;
				CLANG_WARN_QUOTED_INCLUDE_IN_FRAMEWORK_HEADER = YES;
				CLANG_WARN_RANGE_LOOP_ANALYSIS = YES;
				CLANG_WARN_STRICT_PROTOTYPES = YES;
				CLANG_WARN_SUSPICIOUS_MOVE = YES;
				CLANG_WARN_UNGUARDED_AVAILABILITY = YES_AGGRESSIVE;
				CLANG_WARN_UNREACHABLE_CODE = YES;
				CLANG_WARN__DUPLICATE_METHOD_MATCH = YES;
				COPY_PHASE_STRIP = NO;
				DEBUG_INFORMATION_FORMAT = dwarf;
				ENABLE_STRICT_OBJC_MSGSEND = YES;
				ENABLE_TESTABILITY = YES;
				ENABLE_USER_SCRIPT_SANDBOXING = YES;
				GCC_C_LANGUAGE_STANDARD = gnu17;
				GCC_DYNAMIC_NO_PIC = NO;
				GCC_NO_COMMON_BLOCKS = YES;
				GCC_OPTIMIZATION_LEVEL = 0;
				GCC_PREPROCESSOR_DEFINITIONS = (
					"DEBUG=1",
					"$(inherited)",
				);
				GCC_WARN_64_TO_32_BIT_CONVERSION = YES;
				GCC_WARN_ABOUT_RETURN_TYPE = YES_ERROR;
				GCC_WARN_UNDECLARED_SELECTOR = YES;
				GCC_WARN_UNINITIALIZED_AUTOS = YES_AGGRESSIVE;
				GCC_WARN_UNUSED_FUNCTION = YES;
				GCC_WARN_UNUSED_VARIABLE = YES;
				IPHONEOS_DEPLOYMENT_TARGET = 17.2;
				LOCALIZATION_PREFERS_STRING_CATALOGS = YES;
				MTL_ENABLE_DEBUG_INFO = INCLUDE_SOURCE;
				MTL_FAST_MATH = YES;
				ONLY_ACTIVE_ARCH = YES;
				SDKROOT = iphoneos;
				SWIFT_ACTIVE_COMPILATION_CONDITIONS = "DEBUG $(inherited)";
				SWIFT_OPTIMIZATION_LEVEL = "-Onone";
			};
			name = Debug;
		};
		02F121EB2CF07E94002CEDE3 /* Release */ = {
			isa = XCBuildConfiguration;
			buildSettings = {
				ALWAYS_SEARCH_USER_PATHS = NO;
				ASSETCATALOG_COMPILER_GENERATE_SWIFT_ASSET_SYMBOL_EXTENSIONS = YES;
				CLANG_ANALYZER_LOCALIZABILITY_NONLOCALIZED = YES;
				CLANG_ANALYZER_NONNULL = YES;
				CLANG_ANALYZER_NUMBER_OBJECT_CONVERSION = YES_AGGRESSIVE;
				CLANG_CXX_LANGUAGE_STANDARD = "gnu++20";
				CLANG_ENABLE_MODULES = YES;
				CLANG_ENABLE_OBJC_ARC = YES;
				CLANG_ENABLE_OBJC_WEAK = YES;
				CLANG_WARN_BLOCK_CAPTURE_AUTORELEASING = YES;
				CLANG_WARN_BOOL_CONVERSION = YES;
				CLANG_WARN_COMMA = YES;
				CLANG_WARN_CONSTANT_CONVERSION = YES;
				CLANG_WARN_DEPRECATED_OBJC_IMPLEMENTATIONS = YES;
				CLANG_WARN_DIRECT_OBJC_ISA_USAGE = YES_ERROR;
				CLANG_WARN_DOCUMENTATION_COMMENTS = YES;
				CLANG_WARN_EMPTY_BODY = YES;
				CLANG_WARN_ENUM_CONVERSION = YES;
				CLANG_WARN_INFINITE_RECURSION = YES;
				CLANG_WARN_INT_CONVERSION = YES;
				CLANG_WARN_NON_LITERAL_NULL_CONVERSION = YES;
				CLANG_WARN_OBJC_IMPLICIT_RETAIN_SELF = YES;
				CLANG_WARN_OBJC_LITERAL_CONVERSION = YES;
				CLANG_WARN_OBJC_ROOT_CLASS = YES_ERROR;
				CLANG_WARN_QUOTED_INCLUDE_IN_FRAMEWORK_HEADER = YES;
				CLANG_WARN_RANGE_LOOP_ANALYSIS = YES;
				CLANG_WARN_STRICT_PROTOTYPES = YES;
				CLANG_WARN_SUSPICIOUS_MOVE = YES;
				CLANG_WARN_UNGUARDED_AVAILABILITY = YES_AGGRESSIVE;
				CLANG_WARN_UNREACHABLE_CODE = YES;
				CLANG_WARN__DUPLICATE_METHOD_MATCH = YES;
				COPY_PHASE_STRIP = NO;
				DEBUG_INFORMATION_FORMAT = "dwarf-with-dsym";
				ENABLE_NS_ASSERTIONS = NO;
				ENABLE_STRICT_OBJC_MSGSEND = YES;
				ENABLE_USER_SCRIPT_SANDBOXING = YES;
				GCC_C_LANGUAGE_STANDARD = gnu17;
				GCC_NO_COMMON_BLOCKS = YES;
				GCC_WARN_64_TO_32_BIT_CONVERSION = YES;
				GCC_WARN_ABOUT_RETURN_TYPE = YES_ERROR;
				GCC_WARN_UNDECLARED_SELECTOR = YES;
				GCC_WARN_UNINITIALIZED_AUTOS = YES_AGGRESSIVE;
				GCC_WARN_UNUSED_FUNCTION = YES;
				GCC_WARN_UNUSED_VARIABLE = YES;
				IPHONEOS_DEPLOYMENT_TARGET = 17.2;
				LOCALIZATION_PREFERS_STRING_CATALOGS = YES;
				MTL_ENABLE_DEBUG_INFO = NO;
				MTL_FAST_MATH = YES;
				SDKROOT = iphoneos;
				SWIFT_COMPILATION_MODE = wholemodule;
				VALIDATE_PRODUCT = YES;
			};
			name = Release;
		};
		02F121ED2CF07E94002CEDE3 /* Debug */ = {
			isa = XCBuildConfiguration;
			buildSettings = {
				ASSETCATALOG_COMPILER_APPICON_NAME = AppIcon;
				ASSETCATALOG_COMPILER_GLOBAL_ACCENT_COLOR_NAME = AccentColor;
				CODE_SIGN_STYLE = Automatic;
				CURRENT_PROJECT_VERSION = 1;
				DEVELOPMENT_ASSET_PATHS = WorldTrotter/Assets.xcassets;
				DEVELOPMENT_TEAM = YL4GN9UCNB;
				GENERATE_INFOPLIST_FILE = YES;
				INFOPLIST_FILE = WorldTrotter/Info.plist;
				INFOPLIST_KEY_UIApplicationSupportsIndirectInputEvents = YES;
				INFOPLIST_KEY_UILaunchStoryboardName = LaunchScreen;
				INFOPLIST_KEY_UIMainStoryboardFile = Main;
				INFOPLIST_KEY_UISupportedInterfaceOrientations_iPad = "UIInterfaceOrientationPortrait UIInterfaceOrientationPortraitUpsideDown UIInterfaceOrientationLandscapeLeft UIInterfaceOrientationLandscapeRight";
				INFOPLIST_KEY_UISupportedInterfaceOrientations_iPhone = "UIInterfaceOrientationPortrait UIInterfaceOrientationLandscapeLeft UIInterfaceOrientationLandscapeRight";
				LD_RUNPATH_SEARCH_PATHS = (
					"$(inherited)",
					"@executable_path/Frameworks",
				);
				MARKETING_VERSION = 1.0;
				PRODUCT_BUNDLE_IDENTIFIER = com.im.conley1;
				PRODUCT_NAME = "$(TARGET_NAME)";
				SWIFT_EMIT_LOC_STRINGS = YES;
				SWIFT_VERSION = 5.0;
				TARGETED_DEVICE_FAMILY = "1,2";
			};
			name = Debug;
		};
		02F121EE2CF07E94002CEDE3 /* Release */ = {
			isa = XCBuildConfiguration;
			buildSettings = {
				ASSETCATALOG_COMPILER_APPICON_NAME = AppIcon;
				ASSETCATALOG_COMPILER_GLOBAL_ACCENT_COLOR_NAME = AccentColor;
				CODE_SIGN_STYLE = Automatic;
				CURRENT_PROJECT_VERSION = 1;
				DEVELOPMENT_ASSET_PATHS = WorldTrotter/Assets.xcassets;
				DEVELOPMENT_TEAM = YL4GN9UCNB;
				GENERATE_INFOPLIST_FILE = YES;
				INFOPLIST_FILE = WorldTrotter/Info.plist;
				INFOPLIST_KEY_UIApplicationSupportsIndirectInputEvents = YES;
				INFOPLIST_KEY_UILaunchStoryboardName = LaunchScreen;
				INFOPLIST_KEY_UIMainStoryboardFile = Main;
				INFOPLIST_KEY_UISupportedInterfaceOrientations_iPad = "UIInterfaceOrientationPortrait UIInterfaceOrientationPortraitUpsideDown UIInterfaceOrientationLandscapeLeft UIInterfaceOrientationLandscapeRight";
				INFOPLIST_KEY_UISupportedInterfaceOrientations_iPhone = "UIInterfaceOrientationPortrait UIInterfaceOrientationLandscapeLeft UIInterfaceOrientationLandscapeRight";
				LD_RUNPATH_SEARCH_PATHS = (
					"$(inherited)",
					"@executable_path/Frameworks",
				);
				MARKETING_VERSION = 1.0;
				PRODUCT_BUNDLE_IDENTIFIER = com.im.conley1;
				PRODUCT_NAME = "$(TARGET_NAME)";
				SWIFT_EMIT_LOC_STRINGS = YES;
				SWIFT_VERSION = 5.0;
				TARGETED_DEVICE_FAMILY = "1,2";
			};
			name = Release;
		};
		02F121F02CF07E94002CEDE3 /* Debug */ = {
			isa = XCBuildConfiguration;
			buildSettings = {
				ALWAYS_EMBED_SWIFT_STANDARD_LIBRARIES = YES;
				BUNDLE_LOADER = "$(TEST_HOST)";
				CODE_SIGN_STYLE = Automatic;
				CURRENT_PROJECT_VERSION = 1;
				GENERATE_INFOPLIST_FILE = YES;
				IPHONEOS_DEPLOYMENT_TARGET = 17.2;
				MARKETING_VERSION = 1.0;
				PRODUCT_BUNDLE_IDENTIFIER = com.bignerdranch.WorldTrotterTests;
				PRODUCT_NAME = "$(TARGET_NAME)";
				SWIFT_EMIT_LOC_STRINGS = NO;
				SWIFT_VERSION = 5.0;
				TARGETED_DEVICE_FAMILY = "1,2";
				TEST_HOST = "$(BUILT_PRODUCTS_DIR)/WorldTrotter.app/$(BUNDLE_EXECUTABLE_FOLDER_PATH)/WorldTrotter";
			};
			name = Debug;
		};
		02F121F12CF07E94002CEDE3 /* Release */ = {
			isa = XCBuildConfiguration;
			buildSettings = {
				ALWAYS_EMBED_SWIFT_STANDARD_LIBRARIES = YES;
				BUNDLE_LOADER = "$(TEST_HOST)";
				CODE_SIGN_STYLE = Automatic;
				CURRENT_PROJECT_VERSION = 1;
				GENERATE_INFOPLIST_FILE = YES;
				IPHONEOS_DEPLOYMENT_TARGET = 17.2;
				MARKETING_VERSION = 1.0;
				PRODUCT_BUNDLE_IDENTIFIER = com.bignerdranch.WorldTrotterTests;
				PRODUCT_NAME = "$(TARGET_NAME)";
				SWIFT_EMIT_LOC_STRINGS = NO;
				SWIFT_VERSION = 5.0;
				TARGETED_DEVICE_FAMILY = "1,2";
				TEST_HOST = "$(BUILT_PRODUCTS_DIR)/WorldTrotter.app/$(BUNDLE_EXECUTABLE_FOLDER_PATH)/WorldTrotter";
			};
			name = Release;
		};
		02F121F32CF07E94002CEDE3 /* Debug */ = {
			isa = XCBuildConfiguration;
			buildSettings = {
				ALWAYS_EMBED_SWIFT_STANDARD_LIBRARIES = YES;
				CODE_SIGN_STYLE = Automatic;
				CURRENT_PROJECT_VERSION = 1;
				GENERATE_INFOPLIST_FILE = YES;
				MARKETING_VERSION = 1.0;
				PRODUCT_BUNDLE_IDENTIFIER = com.bignerdranch.WorldTrotterUITests;
				PRODUCT_NAME = "$(TARGET_NAME)";
				SWIFT_EMIT_LOC_STRINGS = NO;
				SWIFT_VERSION = 5.0;
				TARGETED_DEVICE_FAMILY = "1,2";
				TEST_TARGET_NAME = WorldTrotter;
			};
			name = Debug;
		};
		02F121F42CF07E94002CEDE3 /* Release */ = {
			isa = XCBuildConfiguration;
			buildSettings = {
				ALWAYS_EMBED_SWIFT_STANDARD_LIBRARIES = YES;
				CODE_SIGN_STYLE = Automatic;
				CURRENT_PROJECT_VERSION = 1;
				GENERATE_INFOPLIST_FILE = YES;
				MARKETING_VERSION = 1.0;
				PRODUCT_BUNDLE_IDENTIFIER = com.bignerdranch.WorldTrotterUITests;
				PRODUCT_NAME = "$(TARGET_NAME)";
				SWIFT_EMIT_LOC_STRINGS = NO;
				SWIFT_VERSION = 5.0;
				TARGETED_DEVICE_FAMILY = "1,2";
				TEST_TARGET_NAME = WorldTrotter;
			};
			name = Release;
		};
/* End XCBuildConfiguration section */

/* Begin XCConfigurationList section */
		02F121BD2CF07E92002CEDE3 /* Build configuration list for PBXProject "WorldTrotter" */ = {
			isa = XCConfigurationList;
			buildConfigurations = (
				02F121EA2CF07E94002CEDE3 /* Debug */,
				02F121EB2CF07E94002CEDE3 /* Release */,
			);
			defaultConfigurationIsVisible = 0;
			defaultConfigurationName = Release;
		};
		02F121EC2CF07E94002CEDE3 /* Build configuration list for PBXNativeTarget "WorldTrotter" */ = {
			isa = XCConfigurationList;
			buildConfigurations = (
				02F121ED2CF07E94002CEDE3 /* Debug */,
				02F121EE2CF07E94002CEDE3 /* Release */,
			);
			defaultConfigurationIsVisible = 0;
			defaultConfigurationName = Release;
		};
		02F121EF2CF07E94002CEDE3 /* Build configuration list for PBXNativeTarget "WorldTrotterTests" */ = {
			isa = XCConfigurationList;
			buildConfigurations = (
				02F121F02CF07E94002CEDE3 /* Debug */,
				02F121F12CF07E94002CEDE3 /* Release */,
			);
			defaultConfigurationIsVisible = 0;
			defaultConfigurationName = Release;
		};
		02F121F22CF07E94002CEDE3 /* Build configuration list for PBXNativeTarget "WorldTrotterUITests" */ = {
			isa = XCConfigurationList;
			buildConfigurations = (
				02F121F32CF07E94002CEDE3 /* Debug */,
				02F121F42CF07E94002CEDE3 /* Release */,
			);
			defaultConfigurationIsVisible = 0;
			defaultConfigurationName = Release;
		};
/* End XCConfigurationList section */
	};
	rootObject = 02F121BA2CF07E92002CEDE3 /* Project object */;
}
